
Microsoft Visual Studio Solution File, Format Version 12.00
# Visual Studio 15
VisualStudioVersion = 15.0.28010.2003
MinimumVisualStudioVersion = 10.0.40219.1
Project("{FAE04EC0-301F-11D3-BF4B-00C04F79EFBC}") = "DemoSCPrRoject", "DemoSCPrRoject\DemoSCPrRoject.csproj", "{8489CC9B-7603-4950-82E2-6EB44833306E}"
EndProject
Global
	GlobalSection(SolutionConfigurationPlatforms) = preSolution
		Debug|Any CPU = Debug|Any CPU
		Release|Any CPU = Release|Any CPU
	EndGlobalSection
	GlobalSection(ProjectConfigurationPlatforms) = postSolution
		{8489CC9B-7603-4950-82E2-6EB44833306E}.Debug|Any CPU.ActiveCfg = Debug|Any CPU
		{8489CC9B-7603-4950-82E2-6EB44833306E}.Debug|Any CPU.Build.0 = Debug|Any CPU
		{8489CC9B-7603-4950-82E2-6EB44833306E}.Release|Any CPU.ActiveCfg = Release|Any CPU
		{8489CC9B-7603-4950-82E2-6EB44833306E}.Release|Any CPU.Build.0 = Release|Any CPU
	EndGlobalSection
	GlobalSection(SolutionProperties) = preSolution
		HideSolutionNode = FALSE
	EndGlobalSection
	GlobalSection(ExtensibilityGlobals) = postSolution
		SolutionGuid = {158A44B5-153F-4F77-B161-A8287421F7E6}
	EndGlobalSection
EndGlobal
